// !$*UTF8*$!
{
	archiveVersion = 1;
	classes = {
	};
	objectVersion = 56;
	objects = {

/* Begin PBXBuildFile section */
		3F03B7432A02669400A1E653 /* MoviesView.swift in Sources */ = {isa = PBXBuildFile; fileRef = 3F03B7422A02669400A1E653 /* MoviesView.swift */; };
		3F03B7452A02680900A1E653 /* MoviesViewModel.swift in Sources */ = {isa = PBXBuildFile; fileRef = 3F03B7442A02680900A1E653 /* MoviesViewModel.swift */; };
		3F03B7472A0272DB00A1E653 /* FetchRequestMoviesView.swift in Sources */ = {isa = PBXBuildFile; fileRef = 3F03B7462A0272DB00A1E653 /* FetchRequestMoviesView.swift */; };
		3F03B7492A028A2F00A1E653 /* ImportViewModel.swift in Sources */ = {isa = PBXBuildFile; fileRef = 3F03B7482A028A2F00A1E653 /* ImportViewModel.swift */; };
		3F03B74B2A028A9800A1E653 /* MovieDbImporter.swift in Sources */ = {isa = PBXBuildFile; fileRef = 3F03B74A2A028A9800A1E653 /* MovieDbImporter.swift */; };
		3F03B74D2A0292DF00A1E653 /* SectionedMoviesView.swift in Sources */ = {isa = PBXBuildFile; fileRef = 3F03B74C2A0292DF00A1E653 /* SectionedMoviesView.swift */; };
		3F03B74F2A02A21000A1E653 /* MovieDetailView.swift in Sources */ = {isa = PBXBuildFile; fileRef = 3F03B74E2A02A21000A1E653 /* MovieDetailView.swift */; };
		3F03B7522A02E80E00A1E653 /* ActorDetailView.swift in Sources */ = {isa = PBXBuildFile; fileRef = 3F03B7512A02E80E00A1E653 /* ActorDetailView.swift */; };
		3F94526F2A024025004555F4 /* CoreDataTestApp.swift in Sources */ = {isa = PBXBuildFile; fileRef = 3F94526E2A024025004555F4 /* CoreDataTestApp.swift */; };
		3F9452712A024025004555F4 /* ContentView.swift in Sources */ = {isa = PBXBuildFile; fileRef = 3F9452702A024025004555F4 /* ContentView.swift */; };
		3F9452732A024026004555F4 /* Assets.xcassets in Resources */ = {isa = PBXBuildFile; fileRef = 3F9452722A024026004555F4 /* Assets.xcassets */; };
		3F9452772A024026004555F4 /* Preview Assets.xcassets in Resources */ = {isa = PBXBuildFile; fileRef = 3F9452762A024026004555F4 /* Preview Assets.xcassets */; };
		3F94527F2A0242D6004555F4 /* CoreDataTest.xcdatamodeld in Sources */ = {isa = PBXBuildFile; fileRef = 3F94527D2A0242D6004555F4 /* CoreDataTest.xcdatamodeld */; };
		3F9452812A0246C1004555F4 /* StorageContainer.swift in Sources */ = {isa = PBXBuildFile; fileRef = 3F9452802A0246C1004555F4 /* StorageContainer.swift */; };
		3F9452832A0250E2004555F4 /* MovieDbApi.swift in Sources */ = {isa = PBXBuildFile; fileRef = 3F9452822A0250E2004555F4 /* MovieDbApi.swift */; };
/* End PBXBuildFile section */

/* Begin PBXFileReference section */
		3F03B7422A02669400A1E653 /* MoviesView.swift */ = {isa = PBXFileReference; lastKnownFileType = sourcecode.swift; path = MoviesView.swift; sourceTree = "<group>"; };
		3F03B7442A02680900A1E653 /* MoviesViewModel.swift */ = {isa = PBXFileReference; lastKnownFileType = sourcecode.swift; path = MoviesViewModel.swift; sourceTree = "<group>"; };
		3F03B7462A0272DB00A1E653 /* FetchRequestMoviesView.swift */ = {isa = PBXFileReference; lastKnownFileType = sourcecode.swift; path = FetchRequestMoviesView.swift; sourceTree = "<group>"; };
		3F03B7482A028A2F00A1E653 /* ImportViewModel.swift */ = {isa = PBXFileReference; lastKnownFileType = sourcecode.swift; path = ImportViewModel.swift; sourceTree = "<group>"; };
		3F03B74A2A028A9800A1E653 /* MovieDbImporter.swift */ = {isa = PBXFileReference; fileEncoding = 4; lastKnownFileType = sourcecode.swift; path = MovieDbImporter.swift; sourceTree = "<group>"; };
		3F03B74C2A0292DF00A1E653 /* SectionedMoviesView.swift */ = {isa = PBXFileReference; lastKnownFileType = sourcecode.swift; path = SectionedMoviesView.swift; sourceTree = "<group>"; };
		3F03B74E2A02A21000A1E653 /* MovieDetailView.swift */ = {isa = PBXFileReference; lastKnownFileType = sourcecode.swift; path = MovieDetailView.swift; sourceTree = "<group>"; };
		3F03B7512A02E80E00A1E653 /* ActorDetailView.swift */ = {isa = PBXFileReference; lastKnownFileType = sourcecode.swift; path = ActorDetailView.swift; sourceTree = "<group>"; };
		3F94526B2A024025004555F4 /* CoreDataTest.app */ = {isa = PBXFileReference; explicitFileType = wrapper.application; includeInIndex = 0; path = CoreDataTest.app; sourceTree = BUILT_PRODUCTS_DIR; };
		3F94526E2A024025004555F4 /* CoreDataTestApp.swift */ = {isa = PBXFileReference; lastKnownFileType = sourcecode.swift; path = CoreDataTestApp.swift; sourceTree = "<group>"; };
		3F9452702A024025004555F4 /* ContentView.swift */ = {isa = PBXFileReference; lastKnownFileType = sourcecode.swift; path = ContentView.swift; sourceTree = "<group>"; };
		3F9452722A024026004555F4 /* Assets.xcassets */ = {isa = PBXFileReference; lastKnownFileType = folder.assetcatalog; path = Assets.xcassets; sourceTree = "<group>"; };
		3F9452742A024026004555F4 /* CoreDataTest.entitlements */ = {isa = PBXFileReference; lastKnownFileType = text.plist.entitlements; path = CoreDataTest.entitlements; sourceTree = "<group>"; };
		3F9452762A024026004555F4 /* Preview Assets.xcassets */ = {isa = PBXFileReference; lastKnownFileType = folder.assetcatalog; path = "Preview Assets.xcassets"; sourceTree = "<group>"; };
		3F94527E2A0242D6004555F4 /* CoreDataTest.xcdatamodel */ = {isa = PBXFileReference; lastKnownFileType = wrapper.xcdatamodel; path = CoreDataTest.xcdatamodel; sourceTree = "<group>"; };
		3F9452802A0246C1004555F4 /* StorageContainer.swift */ = {isa = PBXFileReference; lastKnownFileType = sourcecode.swift; path = StorageContainer.swift; sourceTree = "<group>"; };
		3F9452822A0250E2004555F4 /* MovieDbApi.swift */ = {isa = PBXFileReference; lastKnownFileType = sourcecode.swift; path = MovieDbApi.swift; sourceTree = "<group>"; };
/* End PBXFileReference section */

/* Begin PBXFrameworksBuildPhase section */
		3F9452682A024025004555F4 /* Frameworks */ = {
			isa = PBXFrameworksBuildPhase;
			buildActionMask = 2147483647;
			files = (
			);
			runOnlyForDeploymentPostprocessing = 0;
		};
/* End PBXFrameworksBuildPhase section */

/* Begin PBXGroup section */
		3F9452622A024025004555F4 = {
			isa = PBXGroup;
			children = (
				3F94526D2A024025004555F4 /* CoreDataTest */,
				3F94526C2A024025004555F4 /* Products */,
			);
			sourceTree = "<group>";
		};
		3F94526C2A024025004555F4 /* Products */ = {
			isa = PBXGroup;
			children = (
				3F94526B2A024025004555F4 /* CoreDataTest.app */,
			);
			name = Products;
			sourceTree = "<group>";
		};
		3F94526D2A024025004555F4 /* CoreDataTest */ = {
			isa = PBXGroup;
			children = (
				3F03B74A2A028A9800A1E653 /* MovieDbImporter.swift */,
				3F94526E2A024025004555F4 /* CoreDataTestApp.swift */,
				3F9452702A024025004555F4 /* ContentView.swift */,
				3F9452722A024026004555F4 /* Assets.xcassets */,
				3F9452742A024026004555F4 /* CoreDataTest.entitlements */,
				3F9452752A024026004555F4 /* Preview Content */,
				3F94527D2A0242D6004555F4 /* CoreDataTest.xcdatamodeld */,
				3F9452802A0246C1004555F4 /* StorageContainer.swift */,
				3F9452822A0250E2004555F4 /* MovieDbApi.swift */,
				3F03B7422A02669400A1E653 /* MoviesView.swift */,
				3F03B7442A02680900A1E653 /* MoviesViewModel.swift */,
				3F03B7462A0272DB00A1E653 /* FetchRequestMoviesView.swift */,
				3F03B7482A028A2F00A1E653 /* ImportViewModel.swift */,
				3F03B74C2A0292DF00A1E653 /* SectionedMoviesView.swift */,
				3F03B74E2A02A21000A1E653 /* MovieDetailView.swift */,
				3F03B7512A02E80E00A1E653 /* ActorDetailView.swift */,
			);
			path = CoreDataTest;
			sourceTree = "<group>";
		};
		3F9452752A024026004555F4 /* Preview Content */ = {
			isa = PBXGroup;
			children = (
				3F9452762A024026004555F4 /* Preview Assets.xcassets */,
			);
			path = "Preview Content";
			sourceTree = "<group>";
		};
/* End PBXGroup section */

/* Begin PBXNativeTarget section */
		3F94526A2A024025004555F4 /* CoreDataTest */ = {
			isa = PBXNativeTarget;
			buildConfigurationList = 3F94527A2A024026004555F4 /* Build configuration list for PBXNativeTarget "CoreDataTest" */;
			buildPhases = (
				3F9452672A024025004555F4 /* Sources */,
				3F9452682A024025004555F4 /* Frameworks */,
				3F9452692A024025004555F4 /* Resources */,
			);
			buildRules = (
			);
			dependencies = (
			);
			name = CoreDataTest;
			productName = CoreDataTest;
			productReference = 3F94526B2A024025004555F4 /* CoreDataTest.app */;
			productType = "com.apple.product-type.application";
		};
/* End PBXNativeTarget section */

/* Begin PBXProject section */
		3F9452632A024025004555F4 /* Project object */ = {
			isa = PBXProject;
			attributes = {
				BuildIndependentTargetsInParallel = 1;
				LastSwiftUpdateCheck = 1430;
				LastUpgradeCheck = 1430;
				TargetAttributes = {
					3F94526A2A024025004555F4 = {
						CreatedOnToolsVersion = 14.3;
					};
				};
			};
			buildConfigurationList = 3F9452662A024025004555F4 /* Build configuration list for PBXProject "CoreDataTest" */;
			compatibilityVersion = "Xcode 14.0";
			developmentRegion = en;
			hasScannedForEncodings = 0;
			knownRegions = (
				en,
				Base,
			);
			mainGroup = 3F9452622A024025004555F4;
			productRefGroup = 3F94526C2A024025004555F4 /* Products */;
			projectDirPath = "";
			projectRoot = "";
			targets = (
				3F94526A2A024025004555F4 /* CoreDataTest */,
			);
		};
/* End PBXProject section */

/* Begin PBXResourcesBuildPhase section */
		3F9452692A024025004555F4 /* Resources */ = {
			isa = PBXResourcesBuildPhase;
			buildActionMask = 2147483647;
			files = (
				3F9452772A024026004555F4 /* Preview Assets.xcassets in Resources */,
				3F9452732A024026004555F4 /* Assets.xcassets in Resources */,
			);
			runOnlyForDeploymentPostprocessing = 0;
		};
/* End PBXResourcesBuildPhase section */

/* Begin PBXSourcesBuildPhase section */
		3F9452672A024025004555F4 /* Sources */ = {
			isa = PBXSourcesBuildPhase;
			buildActionMask = 2147483647;
			files = (
				3F03B7472A0272DB00A1E653 /* FetchRequestMoviesView.swift in Sources */,
				3F9452832A0250E2004555F4 /* MovieDbApi.swift in Sources */,
				3F03B74B2A028A9800A1E653 /* MovieDbImporter.swift in Sources */,
				3F03B74D2A0292DF00A1E653 /* SectionedMoviesView.swift in Sources */,
				3F03B7492A028A2F00A1E653 /* ImportViewModel.swift in Sources */,
				3F03B7432A02669400A1E653 /* MoviesView.swift in Sources */,
				3F03B7522A02E80E00A1E653 /* ActorDetailView.swift in Sources */,
				3F03B74F2A02A21000A1E653 /* MovieDetailView.swift in Sources */,
				3F9452712A024025004555F4 /* ContentView.swift in Sources */,
				3F9452812A0246C1004555F4 /* StorageContainer.swift in Sources */,
				3F03B7452A02680900A1E653 /* MoviesViewModel.swift in Sources */,
				3F94527F2A0242D6004555F4 /* CoreDataTest.xcdatamodeld in Sources */,
				3F94526F2A024025004555F4 /* CoreDataTestApp.swift in Sources */,
			);
			runOnlyForDeploymentPostprocessing = 0;
		};
/* End PBXSourcesBuildPhase section */

/* Begin XCBuildConfiguration section */
		3F9452782A024026004555F4 /* Debug */ = {
			isa = XCBuildConfiguration;
			buildSettings = {
				ALWAYS_SEARCH_USER_PATHS = NO;
				CLANG_ANALYZER_NONNULL = YES;
				CLANG_ANALYZER_NUMBER_OBJECT_CONVERSION = YES_AGGRESSIVE;
				CLANG_CXX_LANGUAGE_STANDARD = "gnu++20";
				CLANG_ENABLE_MODULES = YES;
				CLANG_ENABLE_OBJC_ARC = YES;
				CLANG_ENABLE_OBJC_WEAK = YES;
				CLANG_WARN_BLOCK_CAPTURE_AUTORELEASING = YES;
				CLANG_WARN_BOOL_CONVERSION = YES;
				CLANG_WARN_COMMA = YES;
				CLANG_WARN_CONSTANT_CONVERSION = YES;
				CLANG_WARN_DEPRECATED_OBJC_IMPLEMENTATIONS = YES;
				CLANG_WARN_DIRECT_OBJC_ISA_USAGE = YES_ERROR;
				CLANG_WARN_DOCUMENTATION_COMMENTS = YES;
				CLANG_WARN_EMPTY_BODY = YES;
				CLANG_WARN_ENUM_CONVERSION = YES;
				CLANG_WARN_INFINITE_RECURSION = YES;
				CLANG_WARN_INT_CONVERSION = YES;
				CLANG_WARN_NON_LITERAL_NULL_CONVERSION = YES;
				CLANG_WARN_OBJC_IMPLICIT_RETAIN_SELF = YES;
				CLANG_WARN_OBJC_LITERAL_CONVERSION = YES;
				CLANG_WARN_OBJC_ROOT_CLASS = YES_ERROR;
				CLANG_WARN_QUOTED_INCLUDE_IN_FRAMEWORK_HEADER = YES;
				CLANG_WARN_RANGE_LOOP_ANALYSIS = YES;
				CLANG_WARN_STRICT_PROTOTYPES = YES;
				CLANG_WARN_SUSPICIOUS_MOVE = YES;
				CLANG_WARN_UNGUARDED_AVAILABILITY = YES_AGGRESSIVE;
				CLANG_WARN_UNREACHABLE_CODE = YES;
				CLANG_WARN__DUPLICATE_METHOD_MATCH = YES;
				COPY_PHASE_STRIP = NO;
				DEBUG_INFORMATION_FORMAT = dwarf;
				ENABLE_STRICT_OBJC_MSGSEND = YES;
				ENABLE_TESTABILITY = YES;
				GCC_C_LANGUAGE_STANDARD = gnu11;
				GCC_DYNAMIC_NO_PIC = NO;
				GCC_NO_COMMON_BLOCKS = YES;
				GCC_OPTIMIZATION_LEVEL = 0;
				GCC_PREPROCESSOR_DEFINITIONS = (
					"DEBUG=1",
					"$(inherited)",
				);
				GCC_WARN_64_TO_32_BIT_CONVERSION = YES;
				GCC_WARN_ABOUT_RETURN_TYPE = YES_ERROR;
				GCC_WARN_UNDECLARED_SELECTOR = YES;
				GCC_WARN_UNINITIALIZED_AUTOS = YES_AGGRESSIVE;
				GCC_WARN_UNUSED_FUNCTION = YES;
				GCC_WARN_UNUSED_VARIABLE = YES;
				MTL_ENABLE_DEBUG_INFO = INCLUDE_SOURCE;
				MTL_FAST_MATH = YES;
				ONLY_ACTIVE_ARCH = YES;
				SWIFT_ACTIVE_COMPILATION_CONDITIONS = DEBUG;
				SWIFT_OPTIMIZATION_LEVEL = "-Onone";
			};
			name = Debug;
		};
		3F9452792A024026004555F4 /* Release */ = {
			isa = XCBuildConfiguration;
			buildSettings = {
				ALWAYS_SEARCH_USER_PATHS = NO;
				CLANG_ANALYZER_NONNULL = YES;
				CLANG_ANALYZER_NUMBER_OBJECT_CONVERSION = YES_AGGRESSIVE;
				CLANG_CXX_LANGUAGE_STANDARD = "gnu++20";
				CLANG_ENABLE_MODULES = YES;
				CLANG_ENABLE_OBJC_ARC = YES;
				CLANG_ENABLE_OBJC_WEAK = YES;
				CLANG_WARN_BLOCK_CAPTURE_AUTORELEASING = YES;
				CLANG_WARN_BOOL_CONVERSION = YES;
				CLANG_WARN_COMMA = YES;
				CLANG_WARN_CONSTANT_CONVERSION = YES;
				CLANG_WARN_DEPRECATED_OBJC_IMPLEMENTATIONS = YES;
				CLANG_WARN_DIRECT_OBJC_ISA_USAGE = YES_ERROR;
				CLANG_WARN_DOCUMENTATION_COMMENTS = YES;
				CLANG_WARN_EMPTY_BODY = YES;
				CLANG_WARN_ENUM_CONVERSION = YES;
				CLANG_WARN_INFINITE_RECURSION = YES;
				CLANG_WARN_INT_CONVERSION = YES;
				CLANG_WARN_NON_LITERAL_NULL_CONVERSION = YES;
				CLANG_WARN_OBJC_IMPLICIT_RETAIN_SELF = YES;
				CLANG_WARN_OBJC_LITERAL_CONVERSION = YES;
				CLANG_WARN_OBJC_ROOT_CLASS = YES_ERROR;
				CLANG_WARN_QUOTED_INCLUDE_IN_FRAMEWORK_HEADER = YES;
				CLANG_WARN_RANGE_LOOP_ANALYSIS = YES;
				CLANG_WARN_STRICT_PROTOTYPES = YES;
				CLANG_WARN_SUSPICIOUS_MOVE = YES;
				CLANG_WARN_UNGUARDED_AVAILABILITY = YES_AGGRESSIVE;
				CLANG_WARN_UNREACHABLE_CODE = YES;
				CLANG_WARN__DUPLICATE_METHOD_MATCH = YES;
				COPY_PHASE_STRIP = NO;
				DEBUG_INFORMATION_FORMAT = "dwarf-with-dsym";
				ENABLE_NS_ASSERTIONS = NO;
				ENABLE_STRICT_OBJC_MSGSEND = YES;
				GCC_C_LANGUAGE_STANDARD = gnu11;
				GCC_NO_COMMON_BLOCKS = YES;
				GCC_WARN_64_TO_32_BIT_CONVERSION = YES;
				GCC_WARN_ABOUT_RETURN_TYPE = YES_ERROR;
				GCC_WARN_UNDECLARED_SELECTOR = YES;
				GCC_WARN_UNINITIALIZED_AUTOS = YES_AGGRESSIVE;
				GCC_WARN_UNUSED_FUNCTION = YES;
				GCC_WARN_UNUSED_VARIABLE = YES;
				MTL_ENABLE_DEBUG_INFO = NO;
				MTL_FAST_MATH = YES;
				SWIFT_COMPILATION_MODE = wholemodule;
				SWIFT_OPTIMIZATION_LEVEL = "-O";
			};
			name = Release;
		};
		3F94527B2A024026004555F4 /* Debug */ = {
			isa = XCBuildConfiguration;
			buildSettings = {
				ASSETCATALOG_COMPILER_APPICON_NAME = AppIcon;
				ASSETCATALOG_COMPILER_GLOBAL_ACCENT_COLOR_NAME = AccentColor;
				CODE_SIGN_ENTITLEMENTS = CoreDataTest/CoreDataTest.entitlements;
				CODE_SIGN_STYLE = Automatic;
				CURRENT_PROJECT_VERSION = 1;
				DEVELOPMENT_ASSET_PATHS = "\"CoreDataTest/Preview Content\"";
				DEVELOPMENT_TEAM = PFVCA649R3;
				ENABLE_HARDENED_RUNTIME = YES;
				ENABLE_PREVIEWS = YES;
				GENERATE_INFOPLIST_FILE = YES;
				"INFOPLIST_KEY_UIApplicationSceneManifest_Generation[sdk=iphoneos*]" = YES;
				"INFOPLIST_KEY_UIApplicationSceneManifest_Generation[sdk=iphonesimulator*]" = YES;
				"INFOPLIST_KEY_UIApplicationSupportsIndirectInputEvents[sdk=iphoneos*]" = YES;
				"INFOPLIST_KEY_UIApplicationSupportsIndirectInputEvents[sdk=iphonesimulator*]" = YES;
				"INFOPLIST_KEY_UILaunchScreen_Generation[sdk=iphoneos*]" = YES;
				"INFOPLIST_KEY_UILaunchScreen_Generation[sdk=iphonesimulator*]" = YES;
				"INFOPLIST_KEY_UIStatusBarStyle[sdk=iphoneos*]" = UIStatusBarStyleDefault;
				"INFOPLIST_KEY_UIStatusBarStyle[sdk=iphonesimulator*]" = UIStatusBarStyleDefault;
				INFOPLIST_KEY_UISupportedInterfaceOrientations_iPad = "UIInterfaceOrientationPortrait UIInterfaceOrientationPortraitUpsideDown UIInterfaceOrientationLandscapeLeft UIInterfaceOrientationLandscapeRight";
				INFOPLIST_KEY_UISupportedInterfaceOrientations_iPhone = "UIInterfaceOrientationPortrait UIInterfaceOrientationLandscapeLeft UIInterfaceOrientationLandscapeRight";
				IPHONEOS_DEPLOYMENT_TARGET = 16.4;
				LD_RUNPATH_SEARCH_PATHS = "@executable_path/Frameworks";
				"LD_RUNPATH_SEARCH_PATHS[sdk=macosx*]" = "@executable_path/../Frameworks";
				MACOSX_DEPLOYMENT_TARGET = 13.3;
				MARKETING_VERSION = 1.0;
				PRODUCT_BUNDLE_IDENTIFIER = com.kashiash.CoreDataTest;
				PRODUCT_NAME = "$(TARGET_NAME)";
				SDKROOT = auto;
				SUPPORTED_PLATFORMS = "iphoneos iphonesimulator macosx";
				SWIFT_EMIT_LOC_STRINGS = YES;
				SWIFT_VERSION = 5.0;
				TARGETED_DEVICE_FAMILY = "1,2";
			};
			name = Debug;
		};
		3F94527C2A024026004555F4 /* Release */ = {
			isa = XCBuildConfiguration;
			buildSettings = {
				ASSETCATALOG_COMPILER_APPICON_NAME = AppIcon;
				ASSETCATALOG_COMPILER_GLOBAL_ACCENT_COLOR_NAME = AccentColor;
				CODE_SIGN_ENTITLEMENTS = CoreDataTest/CoreDataTest.entitlements;
				CODE_SIGN_STYLE = Automatic;
				CURRENT_PROJECT_VERSION = 1;
				DEVELOPMENT_ASSET_PATHS = "\"CoreDataTest/Preview Content\"";
				DEVELOPMENT_TEAM = PFVCA649R3;
				ENABLE_HARDENED_RUNTIME = YES;
				ENABLE_PREVIEWS = YES;
				GENERATE_INFOPLIST_FILE = YES;
				"INFOPLIST_KEY_UIApplicationSceneManifest_Generation[sdk=iphoneos*]" = YES;
				"INFOPLIST_KEY_UIApplicationSceneManifest_Generation[sdk=iphonesimulator*]" = YES;
				"INFOPLIST_KEY_UIApplicationSupportsIndirectInputEvents[sdk=iphoneos*]" = YES;
				"INFOPLIST_KEY_UIApplicationSupportsIndirectInputEvents[sdk=iphonesimulator*]" = YES;
				"INFOPLIST_KEY_UILaunchScreen_Generation[sdk=iphoneos*]" = YES;
				"INFOPLIST_KEY_UILaunchScreen_Generation[sdk=iphonesimulator*]" = YES;
				"INFOPLIST_KEY_UIStatusBarStyle[sdk=iphoneos*]" = UIStatusBarStyleDefault;
				"INFOPLIST_KEY_UIStatusBarStyle[sdk=iphonesimulator*]" = UIStatusBarStyleDefault;
				INFOPLIST_KEY_UISupportedInterfaceOrientations_iPad = "UIInterfaceOrientationPortrait UIInterfaceOrientationPortraitUpsideDown UIInterfaceOrientationLandscapeLeft UIInterfaceOrientationLandscapeRight";
				INFOPLIST_KEY_UISupportedInterfaceOrientations_iPhone = "UIInterfaceOrientationPortrait UIInterfaceOrientationLandscapeLeft UIInterfaceOrientationLandscapeRight";
				IPHONEOS_DEPLOYMENT_TARGET = 16.4;
				LD_RUNPATH_SEARCH_PATHS = "@executable_path/Frameworks";
				"LD_RUNPATH_SEARCH_PATHS[sdk=macosx*]" = "@executable_path/../Frameworks";
				MACOSX_DEPLOYMENT_TARGET = 13.3;
				MARKETING_VERSION = 1.0;
				PRODUCT_BUNDLE_IDENTIFIER = com.kashiash.CoreDataTest;
				PRODUCT_NAME = "$(TARGET_NAME)";
				SDKROOT = auto;
				SUPPORTED_PLATFORMS = "iphoneos iphonesimulator macosx";
				SWIFT_EMIT_LOC_STRINGS = YES;
				SWIFT_VERSION = 5.0;
				TARGETED_DEVICE_FAMILY = "1,2";
			};
			name = Release;
		};
/* End XCBuildConfiguration section */

/* Begin XCConfigurationList section */
		3F9452662A024025004555F4 /* Build configuration list for PBXProject "CoreDataTest" */ = {
			isa = XCConfigurationList;
			buildConfigurations = (
				3F9452782A024026004555F4 /* Debug */,
				3F9452792A024026004555F4 /* Release */,
			);
			defaultConfigurationIsVisible = 0;
			defaultConfigurationName = Release;
		};
		3F94527A2A024026004555F4 /* Build configuration list for PBXNativeTarget "CoreDataTest" */ = {
			isa = XCConfigurationList;
			buildConfigurations = (
				3F94527B2A024026004555F4 /* Debug */,
				3F94527C2A024026004555F4 /* Release */,
			);
			defaultConfigurationIsVisible = 0;
			defaultConfigurationName = Release;
		};
/* End XCConfigurationList section */

/* Begin XCVersionGroup section */
		3F94527D2A0242D6004555F4 /* CoreDataTest.xcdatamodeld */ = {
			isa = XCVersionGroup;
			children = (
				3F94527E2A0242D6004555F4 /* CoreDataTest.xcdatamodel */,
			);
			currentVersion = 3F94527E2A0242D6004555F4 /* CoreDataTest.xcdatamodel */;
			path = CoreDataTest.xcdatamodeld;
			sourceTree = "<group>";
			versionGroupType = wrapper.xcdatamodel;
		};
/* End XCVersionGroup section */
	};
	rootObject = 3F9452632A024025004555F4 /* Project object */;
}
